
Microsoft Visual Studio Solution File, Format Version 12.00
# Visual Studio Version 16
VisualStudioVersion = 16.0.28809.33
MinimumVisualStudioVersion = 10.0.40219.1
Project("{2150E333-8FDC-42A3-9474-1A3956D46DE8}") = "DAL", "DAL", "{A0CC9A39-1219-4A8F-A586-FF4BC62CD2B3}"
EndProject
Project("{9A19103F-16F7-4668-BE54-9A1E7A4F7556}") = "HRCoreBordersRepository", "DAL\HRCoreBordersRepository\HRCoreBordersRepository.csproj", "{5C662734-57AC-4159-9C44-526B39BBC676}"
EndProject
Project("{9A19103F-16F7-4668-BE54-9A1E7A4F7556}") = "HRCoreCountriesRepository", "DAL\HRCoreCountriesRepository\HRCoreCountriesRepository.csproj", "{B05FFBC4-4D43-45C6-A407-7A2362620C76}"
EndProject
Project("{9A19103F-16F7-4668-BE54-9A1E7A4F7556}") = "HRDALExceptionLib", "DAL\HRDALExceptionLib\HRDALExceptionLib.csproj", "{911AB4E9-1B09-4BC4-B7EA-3992FC39B8A9}"
EndProject
Project("{2150E333-8FDC-42A3-9474-1A3956D46DE8}") = "Models", "Models", "{B9391B5D-4187-4DEB-84FA-EF34BDEF9BFF}"
EndProject
Project("{9A19103F-16F7-4668-BE54-9A1E7A4F7556}") = "HRCoreBordersModel", "Models\HRCoreBordersModel\HRCoreBordersModel.csproj", "{D786D00D-CA86-4540-905C-5C3A2898E4B9}"
EndProject
Project("{9A19103F-16F7-4668-BE54-9A1E7A4F7556}") = "HRCoreCountriesModel", "Models\HRCoreCountriesModel\HRCoreCountriesModel.csproj", "{0570DFB3-833C-49FF-A513-96D3223933C3}"
EndProject
Project("{2150E333-8FDC-42A3-9474-1A3956D46DE8}") = "Services", "Services", "{C97717B5-AE4F-4643-B4FE-404B76830560}"
EndProject
Project("{9A19103F-16F7-4668-BE54-9A1E7A4F7556}") = "HRCoreBordersServices", "Services\HRCoreBordersServices\HRCoreBordersServices.csproj", "{B8D68618-2066-4CA3-92E4-29A7857218D1}"
EndProject
Project("{9A19103F-16F7-4668-BE54-9A1E7A4F7556}") = "HRCoreCountriesServices", "Services\HRCoreCountriesServices\HRCoreCountriesServices.csproj", "{E433AE64-CF41-4E03-A702-B577839B8242}"
EndProject
Project("{2150E333-8FDC-42A3-9474-1A3956D46DE8}") = "Assets", "Assets", "{3C60BFC4-63C2-49B6-BC4D-12853D769647}"
	ProjectSection(SolutionItems) = preProject
		Assets\allCountries.json = Assets\allCountries.json
		Assets\Boundaries.geojson = Assets\Boundaries.geojson
	EndProjectSection
EndProject
Project("{2150E333-8FDC-42A3-9474-1A3956D46DE8}") = "WebAPI", "WebAPI", "{84FA5D1E-814A-4CA4-921E-979AE2FE1813}"
EndProject
Project("{9A19103F-16F7-4668-BE54-9A1E7A4F7556}") = "HRCoreBordersWebAPI", "Webapi\HRCoreBordersWebAPI\HRCoreBordersWebAPI.csproj", "{0A7C3D70-FEDD-420E-8BD2-55F630DA993F}"
EndProject
Project("{9A19103F-16F7-4668-BE54-9A1E7A4F7556}") = "HRCoreCountriesWebAPI2", "Webapi\HRCoreCountriesWebAPI2\HRCoreCountriesWebAPI2.csproj", "{662AA9FD-A248-41B9-AF54-AAB39B30DCDC}"
EndProject
Project("{2150E333-8FDC-42A3-9474-1A3956D46DE8}") = "Tools", "Tools", "{9BC23B36-70FB-42DB-A812-C087D6A66E0A}"
EndProject
Project("{9A19103F-16F7-4668-BE54-9A1E7A4F7556}") = "Tools", "Tools\Tools.csproj", "{522866B5-197A-4EBB-B4C3-A35680631DBD}"
EndProject
Project("{FAE04EC0-301F-11D3-BF4B-00C04F79EFBC}") = "XUnitPostGis", "..\HRCoreCountriesServices\Tools\XUnitPostGis\XUnitPostGis.csproj", "{CCDD26BE-8B93-4767-AC98-A6720BD6DAC9}"
EndProject
Project("{FAE04EC0-301F-11D3-BF4B-00C04F79EFBC}") = "XUnitTestPodtGISToNetTopology", "XUnitTest¨PodtGISToNetTopology\XUnitTestPodtGISToNetTopology.csproj", "{6F953416-3F4B-4FD6-9790-DFE3AF780EA9}"
EndProject
Global
	GlobalSection(SolutionConfigurationPlatforms) = preSolution
		Debug|Any CPU = Debug|Any CPU
		Release|Any CPU = Release|Any CPU
	EndGlobalSection
	GlobalSection(ProjectConfigurationPlatforms) = postSolution
		{5C662734-57AC-4159-9C44-526B39BBC676}.Debug|Any CPU.ActiveCfg = Debug|Any CPU
		{5C662734-57AC-4159-9C44-526B39BBC676}.Debug|Any CPU.Build.0 = Debug|Any CPU
		{5C662734-57AC-4159-9C44-526B39BBC676}.Release|Any CPU.ActiveCfg = Release|Any CPU
		{5C662734-57AC-4159-9C44-526B39BBC676}.Release|Any CPU.Build.0 = Release|Any CPU
		{B05FFBC4-4D43-45C6-A407-7A2362620C76}.Debug|Any CPU.ActiveCfg = Debug|Any CPU
		{B05FFBC4-4D43-45C6-A407-7A2362620C76}.Debug|Any CPU.Build.0 = Debug|Any CPU
		{B05FFBC4-4D43-45C6-A407-7A2362620C76}.Release|Any CPU.ActiveCfg = Release|Any CPU
		{B05FFBC4-4D43-45C6-A407-7A2362620C76}.Release|Any CPU.Build.0 = Release|Any CPU
		{911AB4E9-1B09-4BC4-B7EA-3992FC39B8A9}.Debug|Any CPU.ActiveCfg = Debug|Any CPU
		{911AB4E9-1B09-4BC4-B7EA-3992FC39B8A9}.Debug|Any CPU.Build.0 = Debug|Any CPU
		{911AB4E9-1B09-4BC4-B7EA-3992FC39B8A9}.Release|Any CPU.ActiveCfg = Release|Any CPU
		{911AB4E9-1B09-4BC4-B7EA-3992FC39B8A9}.Release|Any CPU.Build.0 = Release|Any CPU
		{D786D00D-CA86-4540-905C-5C3A2898E4B9}.Debug|Any CPU.ActiveCfg = Debug|Any CPU
		{D786D00D-CA86-4540-905C-5C3A2898E4B9}.Debug|Any CPU.Build.0 = Debug|Any CPU
		{D786D00D-CA86-4540-905C-5C3A2898E4B9}.Release|Any CPU.ActiveCfg = Release|Any CPU
		{D786D00D-CA86-4540-905C-5C3A2898E4B9}.Release|Any CPU.Build.0 = Release|Any CPU
		{0570DFB3-833C-49FF-A513-96D3223933C3}.Debug|Any CPU.ActiveCfg = Debug|Any CPU
		{0570DFB3-833C-49FF-A513-96D3223933C3}.Debug|Any CPU.Build.0 = Debug|Any CPU
		{0570DFB3-833C-49FF-A513-96D3223933C3}.Release|Any CPU.ActiveCfg = Release|Any CPU
		{0570DFB3-833C-49FF-A513-96D3223933C3}.Release|Any CPU.Build.0 = Release|Any CPU
		{B8D68618-2066-4CA3-92E4-29A7857218D1}.Debug|Any CPU.ActiveCfg = Debug|Any CPU
		{B8D68618-2066-4CA3-92E4-29A7857218D1}.Debug|Any CPU.Build.0 = Debug|Any CPU
		{B8D68618-2066-4CA3-92E4-29A7857218D1}.Release|Any CPU.ActiveCfg = Release|Any CPU
		{B8D68618-2066-4CA3-92E4-29A7857218D1}.Release|Any CPU.Build.0 = Release|Any CPU
		{E433AE64-CF41-4E03-A702-B577839B8242}.Debug|Any CPU.ActiveCfg = Debug|Any CPU
		{E433AE64-CF41-4E03-A702-B577839B8242}.Debug|Any CPU.Build.0 = Debug|Any CPU
		{E433AE64-CF41-4E03-A702-B577839B8242}.Release|Any CPU.ActiveCfg = Release|Any CPU
		{E433AE64-CF41-4E03-A702-B577839B8242}.Release|Any CPU.Build.0 = Release|Any CPU
		{0A7C3D70-FEDD-420E-8BD2-55F630DA993F}.Debug|Any CPU.ActiveCfg = Debug|Any CPU
		{0A7C3D70-FEDD-420E-8BD2-55F630DA993F}.Debug|Any CPU.Build.0 = Debug|Any CPU
		{0A7C3D70-FEDD-420E-8BD2-55F630DA993F}.Release|Any CPU.ActiveCfg = Release|Any CPU
		{0A7C3D70-FEDD-420E-8BD2-55F630DA993F}.Release|Any CPU.Build.0 = Release|Any CPU
		{662AA9FD-A248-41B9-AF54-AAB39B30DCDC}.Debug|Any CPU.ActiveCfg = Debug|Any CPU
		{662AA9FD-A248-41B9-AF54-AAB39B30DCDC}.Debug|Any CPU.Build.0 = Debug|Any CPU
		{662AA9FD-A248-41B9-AF54-AAB39B30DCDC}.Release|Any CPU.ActiveCfg = Release|Any CPU
		{662AA9FD-A248-41B9-AF54-AAB39B30DCDC}.Release|Any CPU.Build.0 = Release|Any CPU
		{522866B5-197A-4EBB-B4C3-A35680631DBD}.Debug|Any CPU.ActiveCfg = Debug|Any CPU
		{522866B5-197A-4EBB-B4C3-A35680631DBD}.Debug|Any CPU.Build.0 = Debug|Any CPU
		{522866B5-197A-4EBB-B4C3-A35680631DBD}.Release|Any CPU.ActiveCfg = Release|Any CPU
		{522866B5-197A-4EBB-B4C3-A35680631DBD}.Release|Any CPU.Build.0 = Release|Any CPU
		{CCDD26BE-8B93-4767-AC98-A6720BD6DAC9}.Debug|Any CPU.ActiveCfg = Debug|Any CPU
		{CCDD26BE-8B93-4767-AC98-A6720BD6DAC9}.Debug|Any CPU.Build.0 = Debug|Any CPU
		{CCDD26BE-8B93-4767-AC98-A6720BD6DAC9}.Release|Any CPU.ActiveCfg = Release|Any CPU
		{CCDD26BE-8B93-4767-AC98-A6720BD6DAC9}.Release|Any CPU.Build.0 = Release|Any CPU
		{6F953416-3F4B-4FD6-9790-DFE3AF780EA9}.Debug|Any CPU.ActiveCfg = Debug|Any CPU
		{6F953416-3F4B-4FD6-9790-DFE3AF780EA9}.Debug|Any CPU.Build.0 = Debug|Any CPU
		{6F953416-3F4B-4FD6-9790-DFE3AF780EA9}.Release|Any CPU.ActiveCfg = Release|Any CPU
		{6F953416-3F4B-4FD6-9790-DFE3AF780EA9}.Release|Any CPU.Build.0 = Release|Any CPU
	EndGlobalSection
	GlobalSection(SolutionProperties) = preSolution
		HideSolutionNode = FALSE
	EndGlobalSection
	GlobalSection(NestedProjects) = preSolution
		{5C662734-57AC-4159-9C44-526B39BBC676} = {A0CC9A39-1219-4A8F-A586-FF4BC62CD2B3}
		{B05FFBC4-4D43-45C6-A407-7A2362620C76} = {A0CC9A39-1219-4A8F-A586-FF4BC62CD2B3}
		{911AB4E9-1B09-4BC4-B7EA-3992FC39B8A9} = {A0CC9A39-1219-4A8F-A586-FF4BC62CD2B3}
		{D786D00D-CA86-4540-905C-5C3A2898E4B9} = {B9391B5D-4187-4DEB-84FA-EF34BDEF9BFF}
		{0570DFB3-833C-49FF-A513-96D3223933C3} = {B9391B5D-4187-4DEB-84FA-EF34BDEF9BFF}
		{B8D68618-2066-4CA3-92E4-29A7857218D1} = {C97717B5-AE4F-4643-B4FE-404B76830560}
		{E433AE64-CF41-4E03-A702-B577839B8242} = {C97717B5-AE4F-4643-B4FE-404B76830560}
		{0A7C3D70-FEDD-420E-8BD2-55F630DA993F} = {84FA5D1E-814A-4CA4-921E-979AE2FE1813}
		{662AA9FD-A248-41B9-AF54-AAB39B30DCDC} = {84FA5D1E-814A-4CA4-921E-979AE2FE1813}
		{522866B5-197A-4EBB-B4C3-A35680631DBD} = {9BC23B36-70FB-42DB-A812-C087D6A66E0A}
		{CCDD26BE-8B93-4767-AC98-A6720BD6DAC9} = {9BC23B36-70FB-42DB-A812-C087D6A66E0A}
		{6F953416-3F4B-4FD6-9790-DFE3AF780EA9} = {9BC23B36-70FB-42DB-A812-C087D6A66E0A}
	EndGlobalSection
	GlobalSection(ExtensibilityGlobals) = postSolution
		SolutionGuid = {957C32EA-3969-49BE-B6E6-621527318496}
	EndGlobalSection
EndGlobal
